// !$*UTF8*$!
{
	archiveVersion = 1;
	classes = {
	};
	objectVersion = 56;
	objects = {

/* Begin PBXBuildFile section */
		D1E3B8C729CBAC2400781C94 /* AppDelegate.swift in Sources */ = {isa = PBXBuildFile; fileRef = D1E3B8C629CBAC2400781C94 /* AppDelegate.swift */; };
		D1E3B8C929CBAC2400781C94 /* SceneDelegate.swift in Sources */ = {isa = PBXBuildFile; fileRef = D1E3B8C829CBAC2400781C94 /* SceneDelegate.swift */; };
		D1E3B8CB29CBAC2400781C94 /* ViewController.swift in Sources */ = {isa = PBXBuildFile; fileRef = D1E3B8CA29CBAC2400781C94 /* ViewController.swift */; };
		D1E3B8CE29CBAC2400781C94 /* Main.storyboard in Resources */ = {isa = PBXBuildFile; fileRef = D1E3B8CC29CBAC2400781C94 /* Main.storyboard */; };
		D1E3B8D029CBAC2600781C94 /* Assets.xcassets in Resources */ = {isa = PBXBuildFile; fileRef = D1E3B8CF29CBAC2600781C94 /* Assets.xcassets */; };
		D1E3B8D329CBAC2600781C94 /* LaunchScreen.storyboard in Resources */ = {isa = PBXBuildFile; fileRef = D1E3B8D129CBAC2600781C94 /* LaunchScreen.storyboard */; };
		D1E3B8DE29CBAC2600781C94 /* CounterTests.swift in Sources */ = {isa = PBXBuildFile; fileRef = D1E3B8DD29CBAC2600781C94 /* CounterTests.swift */; };
		D1E3B8E829CBAC2600781C94 /* CounterUITests.swift in Sources */ = {isa = PBXBuildFile; fileRef = D1E3B8E729CBAC2600781C94 /* CounterUITests.swift */; };
		D1E3B8EA29CBAC2600781C94 /* CounterUITestsLaunchTests.swift in Sources */ = {isa = PBXBuildFile; fileRef = D1E3B8E929CBAC2600781C94 /* CounterUITestsLaunchTests.swift */; };
/* End PBXBuildFile section */

/* Begin PBXContainerItemProxy section */
		D1E3B8DA29CBAC2600781C94 /* PBXContainerItemProxy */ = {
			isa = PBXContainerItemProxy;
			containerPortal = D1E3B8BB29CBAC2400781C94 /* Project object */;
			proxyType = 1;
			remoteGlobalIDString = D1E3B8C229CBAC2400781C94;
			remoteInfo = Counter;
		};
		D1E3B8E429CBAC2600781C94 /* PBXContainerItemProxy */ = {
			isa = PBXContainerItemProxy;
			containerPortal = D1E3B8BB29CBAC2400781C94 /* Project object */;
			proxyType = 1;
			remoteGlobalIDString = D1E3B8C229CBAC2400781C94;
			remoteInfo = Counter;
		};
/* End PBXContainerItemProxy section */

/* Begin PBXFileReference section */
		D1E3B8C329CBAC2400781C94 /* Counter.app */ = {isa = PBXFileReference; explicitFileType = wrapper.application; includeInIndex = 0; path = Counter.app; sourceTree = BUILT_PRODUCTS_DIR; };
		D1E3B8C629CBAC2400781C94 /* AppDelegate.swift */ = {isa = PBXFileReference; lastKnownFileType = sourcecode.swift; path = AppDelegate.swift; sourceTree = "<group>"; };
		D1E3B8C829CBAC2400781C94 /* SceneDelegate.swift */ = {isa = PBXFileReference; lastKnownFileType = sourcecode.swift; path = SceneDelegate.swift; sourceTree = "<group>"; };
		D1E3B8CA29CBAC2400781C94 /* ViewController.swift */ = {isa = PBXFileReference; lastKnownFileType = sourcecode.swift; path = ViewController.swift; sourceTree = "<group>"; };
		D1E3B8CD29CBAC2400781C94 /* Base */ = {isa = PBXFileReference; lastKnownFileType = file.storyboard; name = Base; path = Base.lproj/Main.storyboard; sourceTree = "<group>"; };
		D1E3B8CF29CBAC2600781C94 /* Assets.xcassets */ = {isa = PBXFileReference; lastKnownFileType = folder.assetcatalog; path = Assets.xcassets; sourceTree = "<group>"; };
		D1E3B8D229CBAC2600781C94 /* Base */ = {isa = PBXFileReference; lastKnownFileType = file.storyboard; name = Base; path = Base.lproj/LaunchScreen.storyboard; sourceTree = "<group>"; };
		D1E3B8D429CBAC2600781C94 /* Info.plist */ = {isa = PBXFileReference; lastKnownFileType = text.plist.xml; path = Info.plist; sourceTree = "<group>"; };
		D1E3B8D929CBAC2600781C94 /* CounterTests.xctest */ = {isa = PBXFileReference; explicitFileType = wrapper.cfbundle; includeInIndex = 0; path = CounterTests.xctest; sourceTree = BUILT_PRODUCTS_DIR; };
		D1E3B8DD29CBAC2600781C94 /* CounterTests.swift */ = {isa = PBXFileReference; lastKnownFileType = sourcecode.swift; path = CounterTests.swift; sourceTree = "<group>"; };
		D1E3B8E329CBAC2600781C94 /* CounterUITests.xctest */ = {isa = PBXFileReference; explicitFileType = wrapper.cfbundle; includeInIndex = 0; path = CounterUITests.xctest; sourceTree = BUILT_PRODUCTS_DIR; };
		D1E3B8E729CBAC2600781C94 /* CounterUITests.swift */ = {isa = PBXFileReference; lastKnownFileType = sourcecode.swift; path = CounterUITests.swift; sourceTree = "<group>"; };
		D1E3B8E929CBAC2600781C94 /* CounterUITestsLaunchTests.swift */ = {isa = PBXFileReference; lastKnownFileType = sourcecode.swift; path = CounterUITestsLaunchTests.swift; sourceTree = "<group>"; };
/* End PBXFileReference section */

/* Begin PBXFrameworksBuildPhase section */
		D1E3B8C029CBAC2400781C94 /* Frameworks */ = {
			isa = PBXFrameworksBuildPhase;
			buildActionMask = 2147483647;
			files = (
			);
			runOnlyForDeploymentPostprocessing = 0;
		};
		D1E3B8D629CBAC2600781C94 /* Frameworks */ = {
			isa = PBXFrameworksBuildPhase;
			buildActionMask = 2147483647;
			files = (
			);
			runOnlyForDeploymentPostprocessing = 0;
		};
		D1E3B8E029CBAC2600781C94 /* Frameworks */ = {
			isa = PBXFrameworksBuildPhase;
			buildActionMask = 2147483647;
			files = (
			);
			runOnlyForDeploymentPostprocessing = 0;
		};
/* End PBXFrameworksBuildPhase section */

/* Begin PBXGroup section */
		D1E3B8BA29CBAC2400781C94 = {
			isa = PBXGroup;
			children = (
				D1E3B8C529CBAC2400781C94 /* Counter */,
				D1E3B8DC29CBAC2600781C94 /* CounterTests */,
				D1E3B8E629CBAC2600781C94 /* CounterUITests */,
				D1E3B8C429CBAC2400781C94 /* Products */,
			);
			sourceTree = "<group>";
		};
		D1E3B8C429CBAC2400781C94 /* Products */ = {
			isa = PBXGroup;
			children = (
				D1E3B8C329CBAC2400781C94 /* Counter.app */,
				D1E3B8D929CBAC2600781C94 /* CounterTests.xctest */,
				D1E3B8E329CBAC2600781C94 /* CounterUITests.xctest */,
			);
			name = Products;
			sourceTree = "<group>";
		};
		D1E3B8C529CBAC2400781C94 /* Counter */ = {
			isa = PBXGroup;
			children = (
				D1E3B8C629CBAC2400781C94 /* AppDelegate.swift */,
				D1E3B8C829CBAC2400781C94 /* SceneDelegate.swift */,
				D1E3B8CA29CBAC2400781C94 /* ViewController.swift */,
				D1E3B8CC29CBAC2400781C94 /* Main.storyboard */,
				D1E3B8CF29CBAC2600781C94 /* Assets.xcassets */,
				D1E3B8D129CBAC2600781C94 /* LaunchScreen.storyboard */,
				D1E3B8D429CBAC2600781C94 /* Info.plist */,
			);
			path = Counter;
			sourceTree = "<group>";
		};
		D1E3B8DC29CBAC2600781C94 /* CounterTests */ = {
			isa = PBXGroup;
			children = (
				D1E3B8DD29CBAC2600781C94 /* CounterTests.swift */,
			);
			path = CounterTests;
			sourceTree = "<group>";
		};
		D1E3B8E629CBAC2600781C94 /* CounterUITests */ = {
			isa = PBXGroup;
			children = (
				D1E3B8E729CBAC2600781C94 /* CounterUITests.swift */,
				D1E3B8E929CBAC2600781C94 /* CounterUITestsLaunchTests.swift */,
			);
			path = CounterUITests;
			sourceTree = "<group>";
		};
/* End PBXGroup section */

/* Begin PBXNativeTarget section */
		D1E3B8C229CBAC2400781C94 /* Counter */ = {
			isa = PBXNativeTarget;
			buildConfigurationList = D1E3B8ED29CBAC2600781C94 /* Build configuration list for PBXNativeTarget "Counter" */;
			buildPhases = (
				D1E3B8BF29CBAC2400781C94 /* Sources */,
				D1E3B8C029CBAC2400781C94 /* Frameworks */,
				D1E3B8C129CBAC2400781C94 /* Resources */,
			);
			buildRules = (
			);
			dependencies = (
			);
			name = Counter;
			productName = Counter;
			productReference = D1E3B8C329CBAC2400781C94 /* Counter.app */;
			productType = "com.apple.product-type.application";
		};
		D1E3B8D829CBAC2600781C94 /* CounterTests */ = {
			isa = PBXNativeTarget;
			buildConfigurationList = D1E3B8F029CBAC2600781C94 /* Build configuration list for PBXNativeTarget "CounterTests" */;
			buildPhases = (
				D1E3B8D529CBAC2600781C94 /* Sources */,
				D1E3B8D629CBAC2600781C94 /* Frameworks */,
				D1E3B8D729CBAC2600781C94 /* Resources */,
			);
			buildRules = (
			);
			dependencies = (
				D1E3B8DB29CBAC2600781C94 /* PBXTargetDependency */,
			);
			name = CounterTests;
			productName = CounterTests;
			productReference = D1E3B8D929CBAC2600781C94 /* CounterTests.xctest */;
			productType = "com.apple.product-type.bundle.unit-test";
		};
		D1E3B8E229CBAC2600781C94 /* CounterUITests */ = {
			isa = PBXNativeTarget;
			buildConfigurationList = D1E3B8F329CBAC2600781C94 /* Build configuration list for PBXNativeTarget "CounterUITests" */;
			buildPhases = (
				D1E3B8DF29CBAC2600781C94 /* Sources */,
				D1E3B8E029CBAC2600781C94 /* Frameworks */,
				D1E3B8E129CBAC2600781C94 /* Resources */,
			);
			buildRules = (
			);
			dependencies = (
				D1E3B8E529CBAC2600781C94 /* PBXTargetDependency */,
			);
			name = CounterUITests;
			productName = CounterUITests;
			productReference = D1E3B8E329CBAC2600781C94 /* CounterUITests.xctest */;
			productType = "com.apple.product-type.bundle.ui-testing";
		};
/* End PBXNativeTarget section */

/* Begin PBXProject section */
		D1E3B8BB29CBAC2400781C94 /* Project object */ = {
			isa = PBXProject;
			attributes = {
				BuildIndependentTargetsInParallel = 1;
				LastSwiftUpdateCheck = 1420;
				LastUpgradeCheck = 1420;
				TargetAttributes = {
					D1E3B8C229CBAC2400781C94 = {
						CreatedOnToolsVersion = 14.2;
					};
					D1E3B8D829CBAC2600781C94 = {
						CreatedOnToolsVersion = 14.2;
						TestTargetID = D1E3B8C229CBAC2400781C94;
					};
					D1E3B8E229CBAC2600781C94 = {
						CreatedOnToolsVersion = 14.2;
						TestTargetID = D1E3B8C229CBAC2400781C94;
					};
				};
			};
			buildConfigurationList = D1E3B8BE29CBAC2400781C94 /* Build configuration list for PBXProject "Counter" */;
			compatibilityVersion = "Xcode 14.0";
			developmentRegion = en;
			hasScannedForEncodings = 0;
			knownRegions = (
				en,
				Base,
			);
			mainGroup = D1E3B8BA29CBAC2400781C94;
			productRefGroup = D1E3B8C429CBAC2400781C94 /* Products */;
			projectDirPath = "";
			projectRoot = "";
			targets = (
				D1E3B8C229CBAC2400781C94 /* Counter */,
				D1E3B8D829CBAC2600781C94 /* CounterTests */,
				D1E3B8E229CBAC2600781C94 /* CounterUITests */,
			);
		};
/* End PBXProject section */

/* Begin PBXResourcesBuildPhase section */
		D1E3B8C129CBAC2400781C94 /* Resources */ = {
			isa = PBXResourcesBuildPhase;
			buildActionMask = 2147483647;
			files = (
				D1E3B8D329CBAC2600781C94 /* LaunchScreen.storyboard in Resources */,
				D1E3B8D029CBAC2600781C94 /* Assets.xcassets in Resources */,
				D1E3B8CE29CBAC2400781C94 /* Main.storyboard in Resources */,
			);
			runOnlyForDeploymentPostprocessing = 0;
		};
		D1E3B8D729CBAC2600781C94 /* Resources */ = {
			isa = PBXResourcesBuildPhase;
			buildActionMask = 2147483647;
			files = (
			);
			runOnlyForDeploymentPostprocessing = 0;
		};
		D1E3B8E129CBAC2600781C94 /* Resources */ = {
			isa = PBXResourcesBuildPhase;
			buildActionMask = 2147483647;
			files = (
			);
			runOnlyForDeploymentPostprocessing = 0;
		};
/* End PBXResourcesBuildPhase section */

/* Begin PBXSourcesBuildPhase section */
		D1E3B8BF29CBAC2400781C94 /* Sources */ = {
			isa = PBXSourcesBuildPhase;
			buildActionMask = 2147483647;
			files = (
				D1E3B8CB29CBAC2400781C94 /* ViewController.swift in Sources */,
				D1E3B8C729CBAC2400781C94 /* AppDelegate.swift in Sources */,
				D1E3B8C929CBAC2400781C94 /* SceneDelegate.swift in Sources */,
			);
			runOnlyForDeploymentPostprocessing = 0;
		};
		D1E3B8D529CBAC2600781C94 /* Sources */ = {
			isa = PBXSourcesBuildPhase;
			buildActionMask = 2147483647;
			files = (
				D1E3B8DE29CBAC2600781C94 /* CounterTests.swift in Sources */,
			);
			runOnlyForDeploymentPostprocessing = 0;
		};
		D1E3B8DF29CBAC2600781C94 /* Sources */ = {
			isa = PBXSourcesBuildPhase;
			buildActionMask = 2147483647;
			files = (
				D1E3B8E829CBAC2600781C94 /* CounterUITests.swift in Sources */,
				D1E3B8EA29CBAC2600781C94 /* CounterUITestsLaunchTests.swift in Sources */,
			);
			runOnlyForDeploymentPostprocessing = 0;
		};
/* End PBXSourcesBuildPhase section */

/* Begin PBXTargetDependency section */
		D1E3B8DB29CBAC2600781C94 /* PBXTargetDependency */ = {
			isa = PBXTargetDependency;
			target = D1E3B8C229CBAC2400781C94 /* Counter */;
			targetProxy = D1E3B8DA29CBAC2600781C94 /* PBXContainerItemProxy */;
		};
		D1E3B8E529CBAC2600781C94 /* PBXTargetDependency */ = {
			isa = PBXTargetDependency;
			target = D1E3B8C229CBAC2400781C94 /* Counter */;
			targetProxy = D1E3B8E429CBAC2600781C94 /* PBXContainerItemProxy */;
		};
/* End PBXTargetDependency section */

/* Begin PBXVariantGroup section */
		D1E3B8CC29CBAC2400781C94 /* Main.storyboard */ = {
			isa = PBXVariantGroup;
			children = (
				D1E3B8CD29CBAC2400781C94 /* Base */,
			);
			name = Main.storyboard;
			sourceTree = "<group>";
		};
		D1E3B8D129CBAC2600781C94 /* LaunchScreen.storyboard */ = {
			isa = PBXVariantGroup;
			children = (
				D1E3B8D229CBAC2600781C94 /* Base */,
			);
			name = LaunchScreen.storyboard;
			sourceTree = "<group>";
		};
/* End PBXVariantGroup section */

/* Begin XCBuildConfiguration section */
		D1E3B8EB29CBAC2600781C94 /* Debug */ = {
			isa = XCBuildConfiguration;
			buildSettings = {
				ALWAYS_SEARCH_USER_PATHS = NO;
				CLANG_ANALYZER_NONNULL = YES;
				CLANG_ANALYZER_NUMBER_OBJECT_CONVERSION = YES_AGGRESSIVE;
				CLANG_CXX_LANGUAGE_STANDARD = "gnu++20";
				CLANG_ENABLE_MODULES = YES;
				CLANG_ENABLE_OBJC_ARC = YES;
				CLANG_ENABLE_OBJC_WEAK = YES;
				CLANG_WARN_BLOCK_CAPTURE_AUTORELEASING = YES;
				CLANG_WARN_BOOL_CONVERSION = YES;
				CLANG_WARN_COMMA = YES;
				CLANG_WARN_CONSTANT_CONVERSION = YES;
				CLANG_WARN_DEPRECATED_OBJC_IMPLEMENTATIONS = YES;
				CLANG_WARN_DIRECT_OBJC_ISA_USAGE = YES_ERROR;
				CLANG_WARN_DOCUMENTATION_COMMENTS = YES;
				CLANG_WARN_EMPTY_BODY = YES;
				CLANG_WARN_ENUM_CONVERSION = YES;
				CLANG_WARN_INFINITE_RECURSION = YES;
				CLANG_WARN_INT_CONVERSION = YES;
				CLANG_WARN_NON_LITERAL_NULL_CONVERSION = YES;
				CLANG_WARN_OBJC_IMPLICIT_RETAIN_SELF = YES;
				CLANG_WARN_OBJC_LITERAL_CONVERSION = YES;
				CLANG_WARN_OBJC_ROOT_CLASS = YES_ERROR;
				CLANG_WARN_QUOTED_INCLUDE_IN_FRAMEWORK_HEADER = YES;
				CLANG_WARN_RANGE_LOOP_ANALYSIS = YES;
				CLANG_WARN_STRICT_PROTOTYPES = YES;
				CLANG_WARN_SUSPICIOUS_MOVE = YES;
				CLANG_WARN_UNGUARDED_AVAILABILITY = YES_AGGRESSIVE;
				CLANG_WARN_UNREACHABLE_CODE = YES;
				CLANG_WARN__DUPLICATE_METHOD_MATCH = YES;
				COPY_PHASE_STRIP = NO;
				DEBUG_INFORMATION_FORMAT = dwarf;
				ENABLE_STRICT_OBJC_MSGSEND = YES;
				ENABLE_TESTABILITY = YES;
				GCC_C_LANGUAGE_STANDARD = gnu11;
				GCC_DYNAMIC_NO_PIC = NO;
				GCC_NO_COMMON_BLOCKS = YES;
				GCC_OPTIMIZATION_LEVEL = 0;
				GCC_PREPROCESSOR_DEFINITIONS = (
					"DEBUG=1",
					"$(inherited)",
				);
				GCC_WARN_64_TO_32_BIT_CONVERSION = YES;
				GCC_WARN_ABOUT_RETURN_TYPE = YES_ERROR;
				GCC_WARN_UNDECLARED_SELECTOR = YES;
				GCC_WARN_UNINITIALIZED_AUTOS = YES_AGGRESSIVE;
				GCC_WARN_UNUSED_FUNCTION = YES;
				GCC_WARN_UNUSED_VARIABLE = YES;
				IPHONEOS_DEPLOYMENT_TARGET = 16.2;
				MTL_ENABLE_DEBUG_INFO = INCLUDE_SOURCE;
				MTL_FAST_MATH = YES;
				ONLY_ACTIVE_ARCH = YES;
				SDKROOT = iphoneos;
				SWIFT_ACTIVE_COMPILATION_CONDITIONS = DEBUG;
				SWIFT_OPTIMIZATION_LEVEL = "-Onone";
			};
			name = Debug;
		};
		D1E3B8EC29CBAC2600781C94 /* Release */ = {
			isa = XCBuildConfiguration;
			buildSettings = {
				ALWAYS_SEARCH_USER_PATHS = NO;
				CLANG_ANALYZER_NONNULL = YES;
				CLANG_ANALYZER_NUMBER_OBJECT_CONVERSION = YES_AGGRESSIVE;
				CLANG_CXX_LANGUAGE_STANDARD = "gnu++20";
				CLANG_ENABLE_MODULES = YES;
				CLANG_ENABLE_OBJC_ARC = YES;
				CLANG_ENABLE_OBJC_WEAK = YES;
				CLANG_WARN_BLOCK_CAPTURE_AUTORELEASING = YES;
				CLANG_WARN_BOOL_CONVERSION = YES;
				CLANG_WARN_COMMA = YES;
				CLANG_WARN_CONSTANT_CONVERSION = YES;
				CLANG_WARN_DEPRECATED_OBJC_IMPLEMENTATIONS = YES;
				CLANG_WARN_DIRECT_OBJC_ISA_USAGE = YES_ERROR;
				CLANG_WARN_DOCUMENTATION_COMMENTS = YES;
				CLANG_WARN_EMPTY_BODY = YES;
				CLANG_WARN_ENUM_CONVERSION = YES;
				CLANG_WARN_INFINITE_RECURSION = YES;
				CLANG_WARN_INT_CONVERSION = YES;
				CLANG_WARN_NON_LITERAL_NULL_CONVERSION = YES;
				CLANG_WARN_OBJC_IMPLICIT_RETAIN_SELF = YES;
				CLANG_WARN_OBJC_LITERAL_CONVERSION = YES;
				CLANG_WARN_OBJC_ROOT_CLASS = YES_ERROR;
				CLANG_WARN_QUOTED_INCLUDE_IN_FRAMEWORK_HEADER = YES;
				CLANG_WARN_RANGE_LOOP_ANALYSIS = YES;
				CLANG_WARN_STRICT_PROTOTYPES = YES;
				CLANG_WARN_SUSPICIOUS_MOVE = YES;
				CLANG_WARN_UNGUARDED_AVAILABILITY = YES_AGGRESSIVE;
				CLANG_WARN_UNREACHABLE_CODE = YES;
				CLANG_WARN__DUPLICATE_METHOD_MATCH = YES;
				COPY_PHASE_STRIP = NO;
				DEBUG_INFORMATION_FORMAT = "dwarf-with-dsym";
				ENABLE_NS_ASSERTIONS = NO;
				ENABLE_STRICT_OBJC_MSGSEND = YES;
				GCC_C_LANGUAGE_STANDARD = gnu11;
				GCC_NO_COMMON_BLOCKS = YES;
				GCC_WARN_64_TO_32_BIT_CONVERSION = YES;
				GCC_WARN_ABOUT_RETURN_TYPE = YES_ERROR;
				GCC_WARN_UNDECLARED_SELECTOR = YES;
				GCC_WARN_UNINITIALIZED_AUTOS = YES_AGGRESSIVE;
				GCC_WARN_UNUSED_FUNCTION = YES;
				GCC_WARN_UNUSED_VARIABLE = YES;
				IPHONEOS_DEPLOYMENT_TARGET = 16.2;
				MTL_ENABLE_DEBUG_INFO = NO;
				MTL_FAST_MATH = YES;
				SDKROOT = iphoneos;
				SWIFT_COMPILATION_MODE = wholemodule;
				SWIFT_OPTIMIZATION_LEVEL = "-O";
				VALIDATE_PRODUCT = YES;
			};
			name = Release;
		};
		D1E3B8EE29CBAC2600781C94 /* Debug */ = {
			isa = XCBuildConfiguration;
			buildSettings = {
				ASSETCATALOG_COMPILER_APPICON_NAME = AppIcon;
				ASSETCATALOG_COMPILER_GLOBAL_ACCENT_COLOR_NAME = AccentColor;
				CODE_SIGN_STYLE = Automatic;
				CURRENT_PROJECT_VERSION = 1;
				GENERATE_INFOPLIST_FILE = YES;
				INFOPLIST_FILE = Counter/Info.plist;
				INFOPLIST_KEY_UIApplicationSupportsIndirectInputEvents = YES;
				INFOPLIST_KEY_UILaunchStoryboardName = LaunchScreen;
				INFOPLIST_KEY_UIMainStoryboardFile = Main;
				INFOPLIST_KEY_UISupportedInterfaceOrientations_iPad = "UIInterfaceOrientationPortrait UIInterfaceOrientationPortraitUpsideDown UIInterfaceOrientationLandscapeLeft UIInterfaceOrientationLandscapeRight";
				INFOPLIST_KEY_UISupportedInterfaceOrientations_iPhone = "UIInterfaceOrientationPortrait UIInterfaceOrientationLandscapeLeft UIInterfaceOrientationLandscapeRight";
				LD_RUNPATH_SEARCH_PATHS = (
					"$(inherited)",
					"@executable_path/Frameworks",
				);
				MARKETING_VERSION = 1.0;
				PRODUCT_BUNDLE_IDENTIFIER = test.Counter;
				PRODUCT_NAME = "$(TARGET_NAME)";
				SWIFT_EMIT_LOC_STRINGS = YES;
				SWIFT_VERSION = 5.0;
				TARGETED_DEVICE_FAMILY = "1,2";
			};
			name = Debug;
		};
		D1E3B8EF29CBAC2600781C94 /* Release */ = {
			isa = XCBuildConfiguration;
			buildSettings = {
				ASSETCATALOG_COMPILER_APPICON_NAME = AppIcon;
				ASSETCATALOG_COMPILER_GLOBAL_ACCENT_COLOR_NAME = AccentColor;
				CODE_SIGN_STYLE = Automatic;
				CURRENT_PROJECT_VERSION = 1;
				GENERATE_INFOPLIST_FILE = YES;
				INFOPLIST_FILE = Counter/Info.plist;
				INFOPLIST_KEY_UIApplicationSupportsIndirectInputEvents = YES;
				INFOPLIST_KEY_UILaunchStoryboardName = LaunchScreen;
				INFOPLIST_KEY_UIMainStoryboardFile = Main;
				INFOPLIST_KEY_UISupportedInterfaceOrientations_iPad = "UIInterfaceOrientationPortrait UIInterfaceOrientationPortraitUpsideDown UIInterfaceOrientationLandscapeLeft UIInterfaceOrientationLandscapeRight";
				INFOPLIST_KEY_UISupportedInterfaceOrientations_iPhone = "UIInterfaceOrientationPortrait UIInterfaceOrientationLandscapeLeft UIInterfaceOrientationLandscapeRight";
				LD_RUNPATH_SEARCH_PATHS = (
					"$(inherited)",
					"@executable_path/Frameworks",
				);
				MARKETING_VERSION = 1.0;
				PRODUCT_BUNDLE_IDENTIFIER = test.Counter;
				PRODUCT_NAME = "$(TARGET_NAME)";
				SWIFT_EMIT_LOC_STRINGS = YES;
				SWIFT_VERSION = 5.0;
				TARGETED_DEVICE_FAMILY = "1,2";
			};
			name = Release;
		};
		D1E3B8F129CBAC2600781C94 /* Debug */ = {
			isa = XCBuildConfiguration;
			buildSettings = {
				ALWAYS_EMBED_SWIFT_STANDARD_LIBRARIES = YES;
				BUNDLE_LOADER = "$(TEST_HOST)";
				CODE_SIGN_STYLE = Automatic;
				CURRENT_PROJECT_VERSION = 1;
				GENERATE_INFOPLIST_FILE = YES;
				IPHONEOS_DEPLOYMENT_TARGET = 16.2;
				MARKETING_VERSION = 1.0;
				PRODUCT_BUNDLE_IDENTIFIER = test.CounterTests;
				PRODUCT_NAME = "$(TARGET_NAME)";
				SWIFT_EMIT_LOC_STRINGS = NO;
				SWIFT_VERSION = 5.0;
				TARGETED_DEVICE_FAMILY = "1,2";
				TEST_HOST = "$(BUILT_PRODUCTS_DIR)/Counter.app/$(BUNDLE_EXECUTABLE_FOLDER_PATH)/Counter";
			};
			name = Debug;
		};
		D1E3B8F229CBAC2600781C94 /* Release */ = {
			isa = XCBuildConfiguration;
			buildSettings = {
				ALWAYS_EMBED_SWIFT_STANDARD_LIBRARIES = YES;
				BUNDLE_LOADER = "$(TEST_HOST)";
				CODE_SIGN_STYLE = Automatic;
				CURRENT_PROJECT_VERSION = 1;
				GENERATE_INFOPLIST_FILE = YES;
				IPHONEOS_DEPLOYMENT_TARGET = 16.2;
				MARKETING_VERSION = 1.0;
				PRODUCT_BUNDLE_IDENTIFIER = test.CounterTests;
				PRODUCT_NAME = "$(TARGET_NAME)";
				SWIFT_EMIT_LOC_STRINGS = NO;
				SWIFT_VERSION = 5.0;
				TARGETED_DEVICE_FAMILY = "1,2";
				TEST_HOST = "$(BUILT_PRODUCTS_DIR)/Counter.app/$(BUNDLE_EXECUTABLE_FOLDER_PATH)/Counter";
			};
			name = Release;
		};
		D1E3B8F429CBAC2600781C94 /* Debug */ = {
			isa = XCBuildConfiguration;
			buildSettings = {
				ALWAYS_EMBED_SWIFT_STANDARD_LIBRARIES = YES;
				CODE_SIGN_STYLE = Automatic;
				CURRENT_PROJECT_VERSION = 1;
				GENERATE_INFOPLIST_FILE = YES;
				MARKETING_VERSION = 1.0;
				PRODUCT_BUNDLE_IDENTIFIER = test.CounterUITests;
				PRODUCT_NAME = "$(TARGET_NAME)";
				SWIFT_EMIT_LOC_STRINGS = NO;
				SWIFT_VERSION = 5.0;
				TARGETED_DEVICE_FAMILY = "1,2";
				TEST_TARGET_NAME = Counter;
			};
			name = Debug;
		};
		D1E3B8F529CBAC2600781C94 /* Release */ = {
			isa = XCBuildConfiguration;
			buildSettings = {
				ALWAYS_EMBED_SWIFT_STANDARD_LIBRARIES = YES;
				CODE_SIGN_STYLE = Automatic;
				CURRENT_PROJECT_VERSION = 1;
				GENERATE_INFOPLIST_FILE = YES;
				MARKETING_VERSION = 1.0;
				PRODUCT_BUNDLE_IDENTIFIER = test.CounterUITests;
				PRODUCT_NAME = "$(TARGET_NAME)";
				SWIFT_EMIT_LOC_STRINGS = NO;
				SWIFT_VERSION = 5.0;
				TARGETED_DEVICE_FAMILY = "1,2";
				TEST_TARGET_NAME = Counter;
			};
			name = Release;
		};
/* End XCBuildConfiguration section */

/* Begin XCConfigurationList section */
		D1E3B8BE29CBAC2400781C94 /* Build configuration list for PBXProject "Counter" */ = {
			isa = XCConfigurationList;
			buildConfigurations = (
				D1E3B8EB29CBAC2600781C94 /* Debug */,
				D1E3B8EC29CBAC2600781C94 /* Release */,
			);
			defaultConfigurationIsVisible = 0;
			defaultConfigurationName = Release;
		};
		D1E3B8ED29CBAC2600781C94 /* Build configuration list for PBXNativeTarget "Counter" */ = {
			isa = XCConfigurationList;
			buildConfigurations = (
				D1E3B8EE29CBAC2600781C94 /* Debug */,
				D1E3B8EF29CBAC2600781C94 /* Release */,
			);
			defaultConfigurationIsVisible = 0;
			defaultConfigurationName = Release;
		};
		D1E3B8F029CBAC2600781C94 /* Build configuration list for PBXNativeTarget "CounterTests" */ = {
			isa = XCConfigurationList;
			buildConfigurations = (
				D1E3B8F129CBAC2600781C94 /* Debug */,
				D1E3B8F229CBAC2600781C94 /* Release */,
			);
			defaultConfigurationIsVisible = 0;
			defaultConfigurationName = Release;
		};
		D1E3B8F329CBAC2600781C94 /* Build configuration list for PBXNativeTarget "CounterUITests" */ = {
			isa = XCConfigurationList;
			buildConfigurations = (
				D1E3B8F429CBAC2600781C94 /* Debug */,
				D1E3B8F529CBAC2600781C94 /* Release */,
			);
			defaultConfigurationIsVisible = 0;
			defaultConfigurationName = Release;
		};
/* End XCConfigurationList section */
	};
	rootObject = D1E3B8BB29CBAC2400781C94 /* Project object */;
}
